
Microsoft Visual Studio Solution File, Format Version 12.00
# Visual Studio Version 16
VisualStudioVersion = 16.0.29709.97
MinimumVisualStudioVersion = 10.0.40219.1
Project("{9A19103F-16F7-4668-BE54-9A1E7A4F7556}") = "Question60078465.MVC", "Question60078465\MVC\Question60078465.MVC.csproj", "{D69B1E42-7A17-4FCE-8D4E-979163B8AE98}"
EndProject
Project("{9A19103F-16F7-4668-BE54-9A1E7A4F7556}") = "Question60078465.RazorPages", "Question60078465\RazorPages\Question60078465.RazorPages.csproj", "{8BE32EC4-D386-4F50-AA16-A2E2378CC54B}"
EndProject
Project("{2150E333-8FDC-42A3-9474-1A3956D46DE8}") = "Question59561669", "Question59561669", "{486111BF-186D-4BDC-8A9C-A198462AB07E}"
EndProject
Project("{2150E333-8FDC-42A3-9474-1A3956D46DE8}") = "Question60078465", "Question60078465", "{BE1BCD32-C132-42B7-994F-D1F7754B0F48}"
EndProject
Project("{2150E333-8FDC-42A3-9474-1A3956D46DE8}") = "Question60452790", "Question60452790", "{C28DCFA0-68DA-4951-8660-C9CFC4A8CFE7}"
EndProject
Project("{9A19103F-16F7-4668-BE54-9A1E7A4F7556}") = "Question59561669", "Question59561669\Question59561669.csproj", "{FD11F3C6-3BE5-40CC-97DC-8323E57636C3}"
EndProject
Project("{9A19103F-16F7-4668-BE54-9A1E7A4F7556}") = "Question59741796", "Question59741796\Question59741796.csproj", "{A877C902-65D7-49D7-8FDD-04070FF877A3}"
EndProject
Project("{9A19103F-16F7-4668-BE54-9A1E7A4F7556}") = "Question60452790", "Question60452790\Question60452790.csproj", "{910360B3-5C49-47DF-8642-9B1997C84F75}"
EndProject
Project("{9A19103F-16F7-4668-BE54-9A1E7A4F7556}") = "Question60470133", "Question60470133\Question60470133.csproj", "{80D44535-7533-4AF0-B917-28BAC109009E}"
EndProject
Project("{2150E333-8FDC-42A3-9474-1A3956D46DE8}") = "Question59741796", "Question59741796", "{2CC256A0-F1C4-4C35-AB0F-8439F532FE85}"
EndProject
Project("{2150E333-8FDC-42A3-9474-1A3956D46DE8}") = "Question60470133", "Question60470133", "{E42C62F1-FEAF-497C-813C-B2069A4B6657}"
EndProject
Project("{2150E333-8FDC-42A3-9474-1A3956D46DE8}") = "Solution Items", "Solution Items", "{9E51F843-4431-4595-9348-415D6A01C345}"
	ProjectSection(SolutionItems) = preProject
		README.md = README.md
	EndProjectSection
EndProject
Project("{9A19103F-16F7-4668-BE54-9A1E7A4F7556}") = "Question60404033", "Question60404033\Question60404033.csproj", "{2C409E22-F23D-4129-AF18-556D20BA6BE1}"
EndProject
Project("{2150E333-8FDC-42A3-9474-1A3956D46DE8}") = "Question60404033", "Question60404033", "{1BF25A36-1131-4EF6-9DE6-BD87E8ECF966}"
EndProject
Project("{9A19103F-16F7-4668-BE54-9A1E7A4F7556}") = "Question60639055", "Question60639055\Question60639055.csproj", "{861ADE57-1C51-4212-B223-5463613C912C}"
EndProject
Project("{2150E333-8FDC-42A3-9474-1A3956D46DE8}") = "Question60639055", "Question60639055", "{86394828-A615-4353-BB71-59D9B298838D}"
EndProject
Project("{9A19103F-16F7-4668-BE54-9A1E7A4F7556}") = "Question60684578", "Question60684578\Question60684578.csproj", "{B530B562-7ED5-4D79-9528-E973EA99576A}"
EndProject
Project("{2150E333-8FDC-42A3-9474-1A3956D46DE8}") = "Question60684578", "Question60684578", "{3FED0ED7-DDA2-4060-B7D9-174CFB144DFB}"
EndProject
Project("{9A19103F-16F7-4668-BE54-9A1E7A4F7556}") = "Question60650516", "Question60650516\Question60650516.csproj", "{208911C2-B5FC-4C6B-B467-355800F701D7}"
EndProject
Project("{2150E333-8FDC-42A3-9474-1A3956D46DE8}") = "Question60650516", "Question60650516", "{84CC250A-432B-4224-B8CA-119EE0045A4E}"
EndProject
Project("{9A19103F-16F7-4668-BE54-9A1E7A4F7556}") = "Question60842761", "Question60842761\Question60842761.csproj", "{97F479B3-1581-4B73-B98E-6D54850DBCD1}"
EndProject
Project("{2150E333-8FDC-42A3-9474-1A3956D46DE8}") = "Question60842761", "Question60842761", "{691667DE-D043-4701-89C1-28864E1BE559}"
EndProject
Project("{9A19103F-16F7-4668-BE54-9A1E7A4F7556}") = "Question60871574", "Question60871574\Question60871574.csproj", "{EE0F3532-1049-471F-B5DB-D99D90EBA0D3}"
EndProject
Project("{2150E333-8FDC-42A3-9474-1A3956D46DE8}") = "Question60871574", "Question60871574", "{BCF2FA02-B9D2-461F-952B-092624DA3E03}"
EndProject
Project("{9A19103F-16F7-4668-BE54-9A1E7A4F7556}") = "Question60868572", "Question60868572\Question60868572.csproj", "{76AB9421-A2E7-4632-9F43-208F83385591}"
EndProject
Project("{2150E333-8FDC-42A3-9474-1A3956D46DE8}") = "Question60868572", "Question60868572", "{DF59EDD6-8139-4E68-A940-576D915755E2}"
EndProject
Project("{9A19103F-16F7-4668-BE54-9A1E7A4F7556}") = "Question60893578", "Question60893578\Question60893578.csproj", "{50D6E80A-BF7E-4564-A1BB-B455A82134CD}"
EndProject
Project("{2150E333-8FDC-42A3-9474-1A3956D46DE8}") = "Question60893578", "Question60893578", "{1B5F3DCA-5A1B-4A1E-8EFC-C8341339EA1A}"
EndProject
Project("{9A19103F-16F7-4668-BE54-9A1E7A4F7556}") = "Question60972371", "Question60972371\Question60972371.csproj", "{C9C69585-8385-4354-9AF5-50D8CE10F4D4}"
EndProject
Project("{2150E333-8FDC-42A3-9474-1A3956D46DE8}") = "Question60972371", "Question60972371", "{BEC6479B-4654-481E-8FCC-B34194A04F04}"
EndProject
Project("{FAE04EC0-301F-11D3-BF4B-00C04F79EFBC}") = "Question61138469", "Question61138469\Question61138469.csproj", "{EABD3C15-C63A-463B-9A3B-E5FDE0B0544C}"
EndProject
Project("{2150E333-8FDC-42A3-9474-1A3956D46DE8}") = "Question61138469", "Question61138469", "{339FB776-3BCF-415F-BB06-AC53277F40AA}"
EndProject
Global
	GlobalSection(SolutionConfigurationPlatforms) = preSolution
		Debug|Any CPU = Debug|Any CPU
		Release|Any CPU = Release|Any CPU
	EndGlobalSection
	GlobalSection(ProjectConfigurationPlatforms) = postSolution
		{D69B1E42-7A17-4FCE-8D4E-979163B8AE98}.Debug|Any CPU.ActiveCfg = Debug|Any CPU
		{D69B1E42-7A17-4FCE-8D4E-979163B8AE98}.Debug|Any CPU.Build.0 = Debug|Any CPU
		{D69B1E42-7A17-4FCE-8D4E-979163B8AE98}.Release|Any CPU.ActiveCfg = Release|Any CPU
		{D69B1E42-7A17-4FCE-8D4E-979163B8AE98}.Release|Any CPU.Build.0 = Release|Any CPU
		{8BE32EC4-D386-4F50-AA16-A2E2378CC54B}.Debug|Any CPU.ActiveCfg = Debug|Any CPU
		{8BE32EC4-D386-4F50-AA16-A2E2378CC54B}.Debug|Any CPU.Build.0 = Debug|Any CPU
		{8BE32EC4-D386-4F50-AA16-A2E2378CC54B}.Release|Any CPU.ActiveCfg = Release|Any CPU
		{8BE32EC4-D386-4F50-AA16-A2E2378CC54B}.Release|Any CPU.Build.0 = Release|Any CPU
		{FD11F3C6-3BE5-40CC-97DC-8323E57636C3}.Debug|Any CPU.ActiveCfg = Debug|Any CPU
		{FD11F3C6-3BE5-40CC-97DC-8323E57636C3}.Debug|Any CPU.Build.0 = Debug|Any CPU
		{FD11F3C6-3BE5-40CC-97DC-8323E57636C3}.Release|Any CPU.ActiveCfg = Release|Any CPU
		{FD11F3C6-3BE5-40CC-97DC-8323E57636C3}.Release|Any CPU.Build.0 = Release|Any CPU
		{A877C902-65D7-49D7-8FDD-04070FF877A3}.Debug|Any CPU.ActiveCfg = Debug|Any CPU
		{A877C902-65D7-49D7-8FDD-04070FF877A3}.Debug|Any CPU.Build.0 = Debug|Any CPU
		{A877C902-65D7-49D7-8FDD-04070FF877A3}.Release|Any CPU.ActiveCfg = Release|Any CPU
		{A877C902-65D7-49D7-8FDD-04070FF877A3}.Release|Any CPU.Build.0 = Release|Any CPU
		{910360B3-5C49-47DF-8642-9B1997C84F75}.Debug|Any CPU.ActiveCfg = Debug|Any CPU
		{910360B3-5C49-47DF-8642-9B1997C84F75}.Debug|Any CPU.Build.0 = Debug|Any CPU
		{910360B3-5C49-47DF-8642-9B1997C84F75}.Release|Any CPU.ActiveCfg = Release|Any CPU
		{910360B3-5C49-47DF-8642-9B1997C84F75}.Release|Any CPU.Build.0 = Release|Any CPU
		{80D44535-7533-4AF0-B917-28BAC109009E}.Debug|Any CPU.ActiveCfg = Debug|Any CPU
		{80D44535-7533-4AF0-B917-28BAC109009E}.Debug|Any CPU.Build.0 = Debug|Any CPU
		{80D44535-7533-4AF0-B917-28BAC109009E}.Release|Any CPU.ActiveCfg = Release|Any CPU
		{80D44535-7533-4AF0-B917-28BAC109009E}.Release|Any CPU.Build.0 = Release|Any CPU
		{2C409E22-F23D-4129-AF18-556D20BA6BE1}.Debug|Any CPU.ActiveCfg = Debug|Any CPU
		{2C409E22-F23D-4129-AF18-556D20BA6BE1}.Debug|Any CPU.Build.0 = Debug|Any CPU
		{2C409E22-F23D-4129-AF18-556D20BA6BE1}.Release|Any CPU.ActiveCfg = Release|Any CPU
		{2C409E22-F23D-4129-AF18-556D20BA6BE1}.Release|Any CPU.Build.0 = Release|Any CPU
		{861ADE57-1C51-4212-B223-5463613C912C}.Debug|Any CPU.ActiveCfg = Debug|Any CPU
		{861ADE57-1C51-4212-B223-5463613C912C}.Debug|Any CPU.Build.0 = Debug|Any CPU
		{861ADE57-1C51-4212-B223-5463613C912C}.Release|Any CPU.ActiveCfg = Release|Any CPU
		{861ADE57-1C51-4212-B223-5463613C912C}.Release|Any CPU.Build.0 = Release|Any CPU
		{B530B562-7ED5-4D79-9528-E973EA99576A}.Debug|Any CPU.ActiveCfg = Debug|Any CPU
		{B530B562-7ED5-4D79-9528-E973EA99576A}.Debug|Any CPU.Build.0 = Debug|Any CPU
		{B530B562-7ED5-4D79-9528-E973EA99576A}.Release|Any CPU.ActiveCfg = Release|Any CPU
		{B530B562-7ED5-4D79-9528-E973EA99576A}.Release|Any CPU.Build.0 = Release|Any CPU
		{208911C2-B5FC-4C6B-B467-355800F701D7}.Debug|Any CPU.ActiveCfg = Debug|Any CPU
		{208911C2-B5FC-4C6B-B467-355800F701D7}.Debug|Any CPU.Build.0 = Debug|Any CPU
		{208911C2-B5FC-4C6B-B467-355800F701D7}.Release|Any CPU.ActiveCfg = Release|Any CPU
		{208911C2-B5FC-4C6B-B467-355800F701D7}.Release|Any CPU.Build.0 = Release|Any CPU
		{97F479B3-1581-4B73-B98E-6D54850DBCD1}.Debug|Any CPU.ActiveCfg = Debug|Any CPU
		{97F479B3-1581-4B73-B98E-6D54850DBCD1}.Debug|Any CPU.Build.0 = Debug|Any CPU
		{97F479B3-1581-4B73-B98E-6D54850DBCD1}.Release|Any CPU.ActiveCfg = Release|Any CPU
		{97F479B3-1581-4B73-B98E-6D54850DBCD1}.Release|Any CPU.Build.0 = Release|Any CPU
		{EE0F3532-1049-471F-B5DB-D99D90EBA0D3}.Debug|Any CPU.ActiveCfg = Debug|Any CPU
		{EE0F3532-1049-471F-B5DB-D99D90EBA0D3}.Debug|Any CPU.Build.0 = Debug|Any CPU
		{EE0F3532-1049-471F-B5DB-D99D90EBA0D3}.Release|Any CPU.ActiveCfg = Release|Any CPU
		{EE0F3532-1049-471F-B5DB-D99D90EBA0D3}.Release|Any CPU.Build.0 = Release|Any CPU
		{76AB9421-A2E7-4632-9F43-208F83385591}.Debug|Any CPU.ActiveCfg = Debug|Any CPU
		{76AB9421-A2E7-4632-9F43-208F83385591}.Debug|Any CPU.Build.0 = Debug|Any CPU
		{76AB9421-A2E7-4632-9F43-208F83385591}.Release|Any CPU.ActiveCfg = Release|Any CPU
		{76AB9421-A2E7-4632-9F43-208F83385591}.Release|Any CPU.Build.0 = Release|Any CPU
		{50D6E80A-BF7E-4564-A1BB-B455A82134CD}.Debug|Any CPU.ActiveCfg = Debug|Any CPU
		{50D6E80A-BF7E-4564-A1BB-B455A82134CD}.Debug|Any CPU.Build.0 = Debug|Any CPU
		{50D6E80A-BF7E-4564-A1BB-B455A82134CD}.Release|Any CPU.ActiveCfg = Release|Any CPU
		{50D6E80A-BF7E-4564-A1BB-B455A82134CD}.Release|Any CPU.Build.0 = Release|Any CPU
		{C9C69585-8385-4354-9AF5-50D8CE10F4D4}.Debug|Any CPU.ActiveCfg = Debug|Any CPU
		{C9C69585-8385-4354-9AF5-50D8CE10F4D4}.Debug|Any CPU.Build.0 = Debug|Any CPU
		{C9C69585-8385-4354-9AF5-50D8CE10F4D4}.Release|Any CPU.ActiveCfg = Release|Any CPU
		{C9C69585-8385-4354-9AF5-50D8CE10F4D4}.Release|Any CPU.Build.0 = Release|Any CPU
		{EABD3C15-C63A-463B-9A3B-E5FDE0B0544C}.Debug|Any CPU.ActiveCfg = Debug|Any CPU
		{EABD3C15-C63A-463B-9A3B-E5FDE0B0544C}.Debug|Any CPU.Build.0 = Debug|Any CPU
		{EABD3C15-C63A-463B-9A3B-E5FDE0B0544C}.Release|Any CPU.ActiveCfg = Release|Any CPU
		{EABD3C15-C63A-463B-9A3B-E5FDE0B0544C}.Release|Any CPU.Build.0 = Release|Any CPU
	EndGlobalSection
	GlobalSection(SolutionProperties) = preSolution
		HideSolutionNode = FALSE
	EndGlobalSection
	GlobalSection(NestedProjects) = preSolution
		{D69B1E42-7A17-4FCE-8D4E-979163B8AE98} = {BE1BCD32-C132-42B7-994F-D1F7754B0F48}
		{8BE32EC4-D386-4F50-AA16-A2E2378CC54B} = {BE1BCD32-C132-42B7-994F-D1F7754B0F48}
		{FD11F3C6-3BE5-40CC-97DC-8323E57636C3} = {486111BF-186D-4BDC-8A9C-A198462AB07E}
		{A877C902-65D7-49D7-8FDD-04070FF877A3} = {2CC256A0-F1C4-4C35-AB0F-8439F532FE85}
		{910360B3-5C49-47DF-8642-9B1997C84F75} = {C28DCFA0-68DA-4951-8660-C9CFC4A8CFE7}
		{80D44535-7533-4AF0-B917-28BAC109009E} = {E42C62F1-FEAF-497C-813C-B2069A4B6657}
		{2C409E22-F23D-4129-AF18-556D20BA6BE1} = {1BF25A36-1131-4EF6-9DE6-BD87E8ECF966}
		{861ADE57-1C51-4212-B223-5463613C912C} = {86394828-A615-4353-BB71-59D9B298838D}
		{B530B562-7ED5-4D79-9528-E973EA99576A} = {3FED0ED7-DDA2-4060-B7D9-174CFB144DFB}
		{208911C2-B5FC-4C6B-B467-355800F701D7} = {84CC250A-432B-4224-B8CA-119EE0045A4E}
		{97F479B3-1581-4B73-B98E-6D54850DBCD1} = {691667DE-D043-4701-89C1-28864E1BE559}
		{EE0F3532-1049-471F-B5DB-D99D90EBA0D3} = {BCF2FA02-B9D2-461F-952B-092624DA3E03}
		{76AB9421-A2E7-4632-9F43-208F83385591} = {DF59EDD6-8139-4E68-A940-576D915755E2}
		{50D6E80A-BF7E-4564-A1BB-B455A82134CD} = {1B5F3DCA-5A1B-4A1E-8EFC-C8341339EA1A}
		{C9C69585-8385-4354-9AF5-50D8CE10F4D4} = {BEC6479B-4654-481E-8FCC-B34194A04F04}
		{EABD3C15-C63A-463B-9A3B-E5FDE0B0544C} = {339FB776-3BCF-415F-BB06-AC53277F40AA}
	EndGlobalSection
	GlobalSection(ExtensibilityGlobals) = postSolution
		SolutionGuid = {19615761-610F-43AC-AA35-87509311E3E0}
	EndGlobalSection
EndGlobal
