
Microsoft Visual Studio Solution File, Format Version 12.00
# Visual Studio Version 16
VisualStudioVersion = 16.0.29709.97
MinimumVisualStudioVersion = 10.0.40219.1
Project("{9A19103F-16F7-4668-BE54-9A1E7A4F7556}") = "Question60078465.MVC", "Question60078465\MVC\Question60078465.MVC.csproj", "{D69B1E42-7A17-4FCE-8D4E-979163B8AE98}"
EndProject
Project("{9A19103F-16F7-4668-BE54-9A1E7A4F7556}") = "Question60078465.RazorPages", "Question60078465\RazorPages\Question60078465.RazorPages.csproj", "{8BE32EC4-D386-4F50-AA16-A2E2378CC54B}"
EndProject
Project("{2150E333-8FDC-42A3-9474-1A3956D46DE8}") = "Question59561669", "Question59561669", "{486111BF-186D-4BDC-8A9C-A198462AB07E}"
EndProject
Project("{2150E333-8FDC-42A3-9474-1A3956D46DE8}") = "Question60078465", "Question60078465", "{BE1BCD32-C132-42B7-994F-D1F7754B0F48}"
EndProject
Project("{2150E333-8FDC-42A3-9474-1A3956D46DE8}") = "Question60452790", "Question60452790", "{C28DCFA0-68DA-4951-8660-C9CFC4A8CFE7}"
EndProject
Project("{9A19103F-16F7-4668-BE54-9A1E7A4F7556}") = "Question59561669", "Question59561669\Question59561669.csproj", "{FD11F3C6-3BE5-40CC-97DC-8323E57636C3}"
EndProject
Project("{9A19103F-16F7-4668-BE54-9A1E7A4F7556}") = "Question59741796", "Question59741796\Question59741796.csproj", "{A877C902-65D7-49D7-8FDD-04070FF877A3}"
EndProject
Project("{9A19103F-16F7-4668-BE54-9A1E7A4F7556}") = "Question60452790", "Question60452790\Question60452790.csproj", "{910360B3-5C49-47DF-8642-9B1997C84F75}"
EndProject
Project("{9A19103F-16F7-4668-BE54-9A1E7A4F7556}") = "Question60470133", "Question60470133\Question60470133.csproj", "{80D44535-7533-4AF0-B917-28BAC109009E}"
EndProject
Project("{2150E333-8FDC-42A3-9474-1A3956D46DE8}") = "Question59741796", "Question59741796", "{2CC256A0-F1C4-4C35-AB0F-8439F532FE85}"
EndProject
Project("{2150E333-8FDC-42A3-9474-1A3956D46DE8}") = "Question60470133", "Question60470133", "{E42C62F1-FEAF-497C-813C-B2069A4B6657}"
EndProject
Project("{2150E333-8FDC-42A3-9474-1A3956D46DE8}") = "Solution Items", "Solution Items", "{9E51F843-4431-4595-9348-415D6A01C345}"
	ProjectSection(SolutionItems) = preProject
		README.md = README.md
	EndProjectSection
EndProject
Project("{9A19103F-16F7-4668-BE54-9A1E7A4F7556}") = "Question60404033", "Question60404033\Question60404033.csproj", "{2C409E22-F23D-4129-AF18-556D20BA6BE1}"
EndProject
Project("{2150E333-8FDC-42A3-9474-1A3956D46DE8}") = "Question60404033", "Question60404033", "{1BF25A36-1131-4EF6-9DE6-BD87E8ECF966}"
EndProject
Project("{FAE04EC0-301F-11D3-BF4B-00C04F79EFBC}") = "Question60639055", "Question60639055\Question60639055.csproj", "{861ADE57-1C51-4212-B223-5463613C912C}"
EndProject
Project("{2150E333-8FDC-42A3-9474-1A3956D46DE8}") = "Question60639055", "Question60639055", "{86394828-A615-4353-BB71-59D9B298838D}"
EndProject
Global
	GlobalSection(SolutionConfigurationPlatforms) = preSolution
		Debug|Any CPU = Debug|Any CPU
		Release|Any CPU = Release|Any CPU
	EndGlobalSection
	GlobalSection(ProjectConfigurationPlatforms) = postSolution
		{D69B1E42-7A17-4FCE-8D4E-979163B8AE98}.Debug|Any CPU.ActiveCfg = Debug|Any CPU
		{D69B1E42-7A17-4FCE-8D4E-979163B8AE98}.Debug|Any CPU.Build.0 = Debug|Any CPU
		{D69B1E42-7A17-4FCE-8D4E-979163B8AE98}.Release|Any CPU.ActiveCfg = Release|Any CPU
		{D69B1E42-7A17-4FCE-8D4E-979163B8AE98}.Release|Any CPU.Build.0 = Release|Any CPU
		{8BE32EC4-D386-4F50-AA16-A2E2378CC54B}.Debug|Any CPU.ActiveCfg = Debug|Any CPU
		{8BE32EC4-D386-4F50-AA16-A2E2378CC54B}.Debug|Any CPU.Build.0 = Debug|Any CPU
		{8BE32EC4-D386-4F50-AA16-A2E2378CC54B}.Release|Any CPU.ActiveCfg = Release|Any CPU
		{8BE32EC4-D386-4F50-AA16-A2E2378CC54B}.Release|Any CPU.Build.0 = Release|Any CPU
		{FD11F3C6-3BE5-40CC-97DC-8323E57636C3}.Debug|Any CPU.ActiveCfg = Debug|Any CPU
		{FD11F3C6-3BE5-40CC-97DC-8323E57636C3}.Debug|Any CPU.Build.0 = Debug|Any CPU
		{FD11F3C6-3BE5-40CC-97DC-8323E57636C3}.Release|Any CPU.ActiveCfg = Release|Any CPU
		{FD11F3C6-3BE5-40CC-97DC-8323E57636C3}.Release|Any CPU.Build.0 = Release|Any CPU
		{A877C902-65D7-49D7-8FDD-04070FF877A3}.Debug|Any CPU.ActiveCfg = Debug|Any CPU
		{A877C902-65D7-49D7-8FDD-04070FF877A3}.Debug|Any CPU.Build.0 = Debug|Any CPU
		{A877C902-65D7-49D7-8FDD-04070FF877A3}.Release|Any CPU.ActiveCfg = Release|Any CPU
		{A877C902-65D7-49D7-8FDD-04070FF877A3}.Release|Any CPU.Build.0 = Release|Any CPU
		{910360B3-5C49-47DF-8642-9B1997C84F75}.Debug|Any CPU.ActiveCfg = Debug|Any CPU
		{910360B3-5C49-47DF-8642-9B1997C84F75}.Debug|Any CPU.Build.0 = Debug|Any CPU
		{910360B3-5C49-47DF-8642-9B1997C84F75}.Release|Any CPU.ActiveCfg = Release|Any CPU
		{910360B3-5C49-47DF-8642-9B1997C84F75}.Release|Any CPU.Build.0 = Release|Any CPU
		{80D44535-7533-4AF0-B917-28BAC109009E}.Debug|Any CPU.ActiveCfg = Debug|Any CPU
		{80D44535-7533-4AF0-B917-28BAC109009E}.Debug|Any CPU.Build.0 = Debug|Any CPU
		{80D44535-7533-4AF0-B917-28BAC109009E}.Release|Any CPU.ActiveCfg = Release|Any CPU
		{80D44535-7533-4AF0-B917-28BAC109009E}.Release|Any CPU.Build.0 = Release|Any CPU
		{2C409E22-F23D-4129-AF18-556D20BA6BE1}.Debug|Any CPU.ActiveCfg = Debug|Any CPU
		{2C409E22-F23D-4129-AF18-556D20BA6BE1}.Debug|Any CPU.Build.0 = Debug|Any CPU
		{2C409E22-F23D-4129-AF18-556D20BA6BE1}.Release|Any CPU.ActiveCfg = Release|Any CPU
		{2C409E22-F23D-4129-AF18-556D20BA6BE1}.Release|Any CPU.Build.0 = Release|Any CPU
		{861ADE57-1C51-4212-B223-5463613C912C}.Debug|Any CPU.ActiveCfg = Debug|Any CPU
		{861ADE57-1C51-4212-B223-5463613C912C}.Debug|Any CPU.Build.0 = Debug|Any CPU
		{861ADE57-1C51-4212-B223-5463613C912C}.Release|Any CPU.ActiveCfg = Release|Any CPU
		{861ADE57-1C51-4212-B223-5463613C912C}.Release|Any CPU.Build.0 = Release|Any CPU
	EndGlobalSection
	GlobalSection(SolutionProperties) = preSolution
		HideSolutionNode = FALSE
	EndGlobalSection
	GlobalSection(NestedProjects) = preSolution
		{D69B1E42-7A17-4FCE-8D4E-979163B8AE98} = {BE1BCD32-C132-42B7-994F-D1F7754B0F48}
		{8BE32EC4-D386-4F50-AA16-A2E2378CC54B} = {BE1BCD32-C132-42B7-994F-D1F7754B0F48}
		{FD11F3C6-3BE5-40CC-97DC-8323E57636C3} = {486111BF-186D-4BDC-8A9C-A198462AB07E}
		{A877C902-65D7-49D7-8FDD-04070FF877A3} = {2CC256A0-F1C4-4C35-AB0F-8439F532FE85}
		{910360B3-5C49-47DF-8642-9B1997C84F75} = {C28DCFA0-68DA-4951-8660-C9CFC4A8CFE7}
		{80D44535-7533-4AF0-B917-28BAC109009E} = {E42C62F1-FEAF-497C-813C-B2069A4B6657}
		{2C409E22-F23D-4129-AF18-556D20BA6BE1} = {1BF25A36-1131-4EF6-9DE6-BD87E8ECF966}
		{861ADE57-1C51-4212-B223-5463613C912C} = {86394828-A615-4353-BB71-59D9B298838D}
	EndGlobalSection
	GlobalSection(ExtensibilityGlobals) = postSolution
		SolutionGuid = {19615761-610F-43AC-AA35-87509311E3E0}
	EndGlobalSection
EndGlobal
