
Microsoft Visual Studio Solution File, Format Version 12.00
# Visual Studio Version 16
VisualStudioVersion = 16.0.29709.97
MinimumVisualStudioVersion = 10.0.40219.1
Project("{FAE04EC0-301F-11D3-BF4B-00C04F79EFBC}") = "Question60452790", "Question60452790.csproj", "{2CF72CDA-105C-4615-B0BB-52420BA256D3}"
EndProject
Global
	GlobalSection(SolutionConfigurationPlatforms) = preSolution
		Debug|Any CPU = Debug|Any CPU
		Release|Any CPU = Release|Any CPU
	EndGlobalSection
	GlobalSection(ProjectConfigurationPlatforms) = postSolution
		{2CF72CDA-105C-4615-B0BB-52420BA256D3}.Debug|Any CPU.ActiveCfg = Debug|Any CPU
		{2CF72CDA-105C-4615-B0BB-52420BA256D3}.Debug|Any CPU.Build.0 = Debug|Any CPU
		{2CF72CDA-105C-4615-B0BB-52420BA256D3}.Release|Any CPU.ActiveCfg = Release|Any CPU
		{2CF72CDA-105C-4615-B0BB-52420BA256D3}.Release|Any CPU.Build.0 = Release|Any CPU
	EndGlobalSection
	GlobalSection(SolutionProperties) = preSolution
		HideSolutionNode = FALSE
	EndGlobalSection
	GlobalSection(ExtensibilityGlobals) = postSolution
		SolutionGuid = {10FDD3DA-6250-4FCF-8983-BC261BE452B4}
	EndGlobalSection
EndGlobal
